{
	"archiveVersion": "1",
	"classes": {},
	"objectVersion": "54",
	"objects": {
		"01022DD3-3DCE-4147-8FAB-0219BEEFBC9E": {
			"fileRef": "0651B992-35B6-48FC-A3AD-FDC7FCD5F069",
			"isa": "PBXBuildFile"
		},
		"0651B992-35B6-48FC-A3AD-FDC7FCD5F069": {
			"explicitFileType": "sourcecode.cpp.cpp",
			"fileEncoding": "4",
			"isa": "PBXFileReference",
			"name": "ofxFftBasic.cpp",
			"path": "../../../addons/ofxFft/src/ofxFftBasic.cpp",
			"sourceTree": "SOURCE_ROOT"
		},
		"0AC22F33-8EEC-4183-930A-6789BAD43CAD": {
			"children": [
				"65E19D6F-3ECE-40F4-AFE9-63BC78791AAA",
				"4A670BA9-1BAD-4D05-809E-E653196F5CF8"
			],
			"isa": "PBXGroup",
			"name": "rtmidi",
			"path": "../../../addons/ofxMidi/libs/rtmidi",
			"sourceTree": "SOURCE_ROOT"
		},
		"0C1331B7-A115-4AAB-B4DF-F6D79CE14A2C": {
			"fileRef": "B347F3EE-1EB5-4C35-A764-37AED369383D",
			"isa": "PBXBuildFile"
		},
		"0C56EEEE-CB23-4115-BF2F-85EECC9E67A9": {
			"explicitFileType": "sourcecode.cpp.cpp",
			"fileEncoding": "4",
			"isa": "PBXFileReference",
			"name": "ShaderLoader.cpp",
			"path": "src/ShaderLoader.cpp",
			"sourceTree": "SOURCE_ROOT"
		},
		"11293B87-71FF-4E5A-A22B-6BAC6BE51F89": {
			"explicitFileType": "sourcecode.c.h",
			"fileEncoding": "4",
			"isa": "PBXFileReference",
			"name": "PGArc.h",
			"path": "../../../addons/ofxMidi/libs/pgmidi/PGArc.h",
			"sourceTree": "SOURCE_ROOT"
		},
		"1188A448-F0B6-4054-942E-A57B24D2DE3A": {
			"explicitFileType": "sourcecode.c.h",
			"fileEncoding": "4",
			"isa": "PBXFileReference",
			"name": "ofxMidiClock.h",
			"path": "../../../addons/ofxMidi/src/ofxMidiClock.h",
			"sourceTree": "SOURCE_ROOT"
		},
		"165D3632-91C4-4980-B555-BA7EDB10E3C8": {
			"fileRef": "D2FD201D-2753-4519-95A1-0810617402CE",
			"isa": "PBXBuildFile"
		},
		"18F86A98-CB8A-43EE-94B8-13ECD31A9248": {
			"explicitFileType": "sourcecode.c.h",
			"fileEncoding": "4",
			"isa": "PBXFileReference",
			"name": "V4L2Helper.h",
			"path": "src/V4L2Helper.h",
			"sourceTree": "SOURCE_ROOT"
		},
		"191CD6FA2847E21E0085CBB6": {
			"fileEncoding": "4",
			"isa": "PBXFileReference",
			"lastKnownFileType": "text.plist.entitlements",
			"path": "of.entitlements",
			"sourceTree": "<group>"
		},
		"191EF70929D778A400F35F26": {
			"isa": "PBXFileReference",
			"lastKnownFileType": "folder",
			"name": "openFrameworks",
			"path": "../../../libs/openFrameworks",
			"sourceTree": "SOURCE_ROOT"
		},
		"19B789C429E5AB4A0082E9B8": {
			"buildActionMask": "2147483647",
			"files": [],
			"inputFileListPaths": [],
			"inputPaths": [],
			"isa": "PBXShellScriptBuildPhase",
			"outputFileListPaths": [],
			"outputPaths": [],
			"runOnlyForDeploymentPostprocessing": "0",
			"shellPath": "/bin/sh",
			"shellScript": "\"$OF_PATH/scripts/osx/xcode_project.sh\"\n",
			"showEnvVarsInLog": "0"
		},
		"1A186257-7B67-4E4D-8162-A0A10363E9F4": {
			"explicitFileType": "sourcecode.c.h",
			"fileEncoding": "4",
			"isa": "PBXFileReference",
			"name": "MeshGenerator.h",
			"path": "src/MeshGenerator.h",
			"sourceTree": "SOURCE_ROOT"
		},
		"1A9B689A-3F77-4A70-8BE2-327846FF0992": {
			"fileRef": "65CF9642-44CD-462A-920A-1FAECFBBA669",
			"isa": "PBXBuildFile"
		},
		"1B6B9396-0854-4E09-8A90-67C4070EE692": {
			"fileRef": "9E241938-39CF-4CAA-856F-2DC24FDDF98A",
			"isa": "PBXBuildFile"
		},
		"1C5A0DD4-7021-4FA1-A0DD-947A5192B83B": {
			"fileRef": "B7BDCA3F-0B87-41E4-AA66-8854B835A573",
			"isa": "PBXBuildFile"
		},
		"1D3CAA4B-19EB-4233-83CE-B187E8FFD72E": {
			"fileRef": "91757568-44A9-4B82-A043-92A40C4BE190",
			"isa": "PBXBuildFile"
		},
		"214E9A6B-B0E1-465C-99DF-DA7BAE1729C6": {
			"explicitFileType": "sourcecode.cpp.objcpp",
			"fileEncoding": "4",
			"isa": "PBXFileReference",
			"name": "PGMidiFind.mm",
			"path": "../../../addons/ofxMidi/libs/pgmidi/PGMidiFind.mm",
			"sourceTree": "SOURCE_ROOT"
		},
		"235F55C5-BF48-49E0-BEA9-17BB6B4ECAD4": {
			"explicitFileType": "sourcecode.cpp.objcpp",
			"fileEncoding": "4",
			"isa": "PBXFileReference",
			"name": "ofxPGMidiSourceDelegate.mm",
			"path": "../../../addons/ofxMidi/src/ios/ofxPGMidiSourceDelegate.mm",
			"sourceTree": "SOURCE_ROOT"
		},
		"24846AC7-2591-4BA2-B11D-33FB79315B7E": {
			"explicitFileType": "sourcecode.c.h",
			"fileEncoding": "4",
			"isa": "PBXFileReference",
			"name": "ofxFft.h",
			"path": "../../../addons/ofxFft/src/ofxFft.h",
			"sourceTree": "SOURCE_ROOT"
		},
		"26BA2D95-EBEC-4BDD-94C6-0561A1C61920": {
			"children": [
				"11293B87-71FF-4E5A-A22B-6BAC6BE51F89",
				"86A29C73-A3DC-4948-8C11-2D9D5FD3EB80",
				"A784B33C-824A-4865-9A98-EDA39795EF7D",
				"50DCD6E0-CB76-4AAB-B2AD-87DBF448F150",
				"B7BDCA3F-0B87-41E4-AA66-8854B835A573",
				"FA7C74F1-800B-48DD-AAFF-B2296CA26B94",
				"214E9A6B-B0E1-465C-99DF-DA7BAE1729C6",
				"6853A911-B32B-4345-8560-00EBBCE3642E"
			],
			"isa": "PBXGroup",
			"name": "pgmidi",
			"path": "../../../addons/ofxMidi/libs/pgmidi",
			"sourceTree": "SOURCE_ROOT"
		},
		"27D3C7D4-D487-4F55-AE40-43E9F531D0F0": {
			"fileRef": "D46A67C3-E94D-440B-968B-6075D3D10199",
			"isa": "PBXBuildFile"
		},
		"2A3A4DFA-7183-4C4C-B730-6821257A544D": {
			"fileRef": "874C35D3-632A-4AE3-9695-EAECD98AF937",
			"isa": "PBXBuildFile"
		},
		"300791FA-DA70-4595-B1D0-278073CD7126": {
			"fileRef": "982A1580-898C-485A-A20A-0B878D8C99FC",
			"isa": "PBXBuildFile"
		},
		"326B9FC1-F9FD-4333-83EB-C4154C75EF6E": {
			"fileRef": "9885A282-076A-4FC2-B7FB-AF6EFB77DAB7",
			"isa": "PBXBuildFile"
		},
		"34D3A56C-AEA1-4017-ACDE-F54E36DA24CF": {
			"fileRef": "44C3567B-225B-4735-8885-C8306453DAD7",
			"isa": "PBXBuildFile"
		},
		"37B39B89-3080-4A8C-9C76-2AD67DFF6160": {
			"fileRef": "EE9907BC-BD32-4809-94AA-36FBC1C6C4DF",
			"isa": "PBXBuildFile"
		},
		"384943BE-4049-4A93-90AA-AA0CF91FACC2": {
			"explicitFileType": "sourcecode.cpp.cpp",
			"fileEncoding": "4",
			"isa": "PBXFileReference",
			"name": "ofxEasyFft.cpp",
			"path": "../../../addons/ofxFft/src/ofxEasyFft.cpp",
			"sourceTree": "SOURCE_ROOT"
		},
		"38B6A745-8D7A-49C1-8D0F-53A446ADC209": {
			"explicitFileType": "sourcecode.cpp.cpp",
			"fileEncoding": "4",
			"isa": "PBXFileReference",
			"name": "ofxFftw.cpp",
			"path": "../../../addons/ofxFft/src/ofxFftw.cpp",
			"sourceTree": "SOURCE_ROOT"
		},
		"38C571FA-A5DF-4E1F-A033-7712CCB6B5DF": {
			"fileRef": "C91F0FCE-C7A2-4B34-8BEE-DB2812EB3853",
			"isa": "PBXBuildFile"
		},
		"3AD0FB1A-C297-423D-9E86-D546AEC8DB57": {
			"explicitFileType": "sourcecode.c.h",
			"fileEncoding": "4",
			"isa": "PBXFileReference",
			"name": "TextureHelper.h",
			"path": "src/TextureHelper.h",
			"sourceTree": "SOURCE_ROOT"
		},
		"3D3E279A-2717-45D9-B1B7-482169DCC78E": {
			"explicitFileType": "sourcecode.cpp.cpp",
			"fileEncoding": "4",
			"isa": "PBXFileReference",
			"name": "ofxMidi.cpp",
			"path": "../../../addons/ofxMidi/src/ofxMidi.cpp",
			"sourceTree": "SOURCE_ROOT"
		},
		"3DCCD7F1-E662-4D02-97FD-8B51F6DF7573": {
			"fileRef": "6457E010-55C6-428C-8829-D9B6CDDFCA34",
			"isa": "PBXBuildFile"
		},
		"3E66A586-DF84-444E-9457-06E94590BC0A": {
			"explicitFileType": "sourcecode.c.h",
			"fileEncoding": "4",
			"isa": "PBXFileReference",
			"name": "AudioReactivityManager.h",
			"path": "src/AudioReactivityManager.h",
			"sourceTree": "SOURCE_ROOT"
		},
		"41EE100A-A0D9-4848-9015-D60EEEF32417": {
			"fileRef": "0C56EEEE-CB23-4115-BF2F-85EECC9E67A9",
			"isa": "PBXBuildFile"
		},
		"4212E9C7-FF1A-4729-AD0C-7CDED67274D1": {
			"explicitFileType": "sourcecode.c.h",
			"fileEncoding": "4",
			"isa": "PBXFileReference",
			"name": "ofxMidiConstants.h",
			"path": "../../../addons/ofxMidi/src/ofxMidiConstants.h",
			"sourceTree": "SOURCE_ROOT"
		},
		"438D2686-EEAD-4D0C-9551-E92581A98D40": {
			"children": [
				"8755F92E-ACEE-4C1B-9555-99D4B9439474"
			],
			"isa": "PBXGroup",
			"name": "fftw",
			"path": "../../../addons/ofxFft/libs/fftw",
			"sourceTree": "SOURCE_ROOT"
		},
		"44C3567B-225B-4735-8885-C8306453DAD7": {
			"explicitFileType": "sourcecode.cpp.cpp",
			"fileEncoding": "4",
			"isa": "PBXFileReference",
			"name": "tinyxml.cpp",
			"path": "../../../addons/ofxXmlSettings/libs/tinyxml.cpp",
			"sourceTree": "SOURCE_ROOT"
		},
		"4929EAAB-21BD-4B33-9B83-6A6E5C5F4159": {
			"fileRef": "7E413A98-09B4-48AE-AE6F-24D2B5CB42B4",
			"isa": "PBXBuildFile"
		},
		"4A670BA9-1BAD-4D05-809E-E653196F5CF8": {
			"explicitFileType": "sourcecode.c.h",
			"fileEncoding": "4",
			"isa": "PBXFileReference",
			"name": "RtMidi.h",
			"path": "../../../addons/ofxMidi/libs/rtmidi/RtMidi.h",
			"sourceTree": "SOURCE_ROOT"
		},
		"4EA86C23-6EF8-4E59-A8E5-4979DB23BF98": {
			"explicitFileType": "sourcecode.c.h",
			"fileEncoding": "4",
			"isa": "PBXFileReference",
			"name": "ofxMidiMessage.h",
			"path": "../../../addons/ofxMidi/src/ofxMidiMessage.h",
			"sourceTree": "SOURCE_ROOT"
		},
		"50DCD6E0-CB76-4AAB-B2AD-87DBF448F150": {
			"explicitFileType": "sourcecode.c.h",
			"fileEncoding": "4",
			"isa": "PBXFileReference",
			"name": "PGMidiAllSources.h",
			"path": "../../../addons/ofxMidi/libs/pgmidi/PGMidiAllSources.h",
			"sourceTree": "SOURCE_ROOT"
		},
		"5271DD56-7E47-49CA-8A79-36D9C12313F8": {
			"explicitFileType": "sourcecode.cpp.cpp",
			"fileEncoding": "4",
			"isa": "PBXFileReference",
			"name": "ofxFft.cpp",
			"path": "../../../addons/ofxFft/src/ofxFft.cpp",
			"sourceTree": "SOURCE_ROOT"
		},
		"54B0222D-09AA-41BB-86B4-712E330FE001": {
			"explicitFileType": "sourcecode.c.h",
			"fileEncoding": "4",
			"isa": "PBXFileReference",
			"name": "ofxProcessFFT.h",
			"path": "../../../addons/ofxFft/src/ofxProcessFFT.h",
			"sourceTree": "SOURCE_ROOT"
		},
		"592EA0C6-8183-43C7-8CF0-D1650AF22C26": {
			"fileRef": "5FE6A0AB-A498-4F46-B4B4-775D4CBD1B5C",
			"isa": "PBXBuildFile"
		},
		"5C768CAB-1DD8-467F-B2AA-FBAC1F7BFC6B": {
			"fileRef": "214E9A6B-B0E1-465C-99DF-DA7BAE1729C6",
			"isa": "PBXBuildFile"
		},
		"5FE6A0AB-A498-4F46-B4B4-775D4CBD1B5C": {
			"explicitFileType": "sourcecode.cpp.objcpp",
			"fileEncoding": "4",
			"isa": "PBXFileReference",
			"name": "ofxPGMidiDelegate.mm",
			"path": "../../../addons/ofxMidi/src/ios/ofxPGMidiDelegate.mm",
			"sourceTree": "SOURCE_ROOT"
		},
		"602F8E94-1C0C-4E8A-ACE0-7DA656A1AD2A": {
			"fileRef": "A784B33C-824A-4865-9A98-EDA39795EF7D",
			"isa": "PBXBuildFile"
		},
		"628518FF-AB66-4DAB-A1B5-F3D6D8CBC27E": {
			"children": [
				"384943BE-4049-4A93-90AA-AA0CF91FACC2",
				"9B4F636D-708B-4A32-A693-32B4CB83825A",
				"5271DD56-7E47-49CA-8A79-36D9C12313F8",
				"24846AC7-2591-4BA2-B11D-33FB79315B7E",
				"0651B992-35B6-48FC-A3AD-FDC7FCD5F069",
				"C2446539-C61A-4588-971A-58A12A58E81C",
				"38B6A745-8D7A-49C1-8D0F-53A446ADC209",
				"B00E72C8-EA89-454A-9F85-0ACA70715871",
				"BFA4C661-F999-4597-BD1C-4F7CF3E97222",
				"D46A67C3-E94D-440B-968B-6075D3D10199",
				"54B0222D-09AA-41BB-86B4-712E330FE001"
			],
			"isa": "PBXGroup",
			"name": "src",
			"path": "../../../addons/ofxFft/src",
			"sourceTree": "SOURCE_ROOT"
		},
		"6457E010-55C6-428C-8829-D9B6CDDFCA34": {
			"explicitFileType": "sourcecode.c.c",
			"fileEncoding": "4",
			"isa": "PBXFileReference",
			"name": "kiss_fftr.c",
			"path": "../../../addons/ofxFft/libs/kiss/kiss_fftr.c",
			"sourceTree": "SOURCE_ROOT"
		},
		"65CF9642-44CD-462A-920A-1FAECFBBA669": {
			"explicitFileType": "sourcecode.cpp.objcpp",
			"fileEncoding": "4",
			"isa": "PBXFileReference",
			"name": "ofxPGMidiIn.mm",
			"path": "../../../addons/ofxMidi/src/ios/ofxPGMidiIn.mm",
			"sourceTree": "SOURCE_ROOT"
		},
		"65E19D6F-3ECE-40F4-AFE9-63BC78791AAA": {
			"explicitFileType": "sourcecode.cpp.cpp",
			"fileEncoding": "4",
			"isa": "PBXFileReference",
			"name": "RtMidi.cpp",
			"path": "../../../addons/ofxMidi/libs/rtmidi/RtMidi.cpp",
			"sourceTree": "SOURCE_ROOT"
		},
		"667E3E25-1FCE-422E-9B1C-C74210E58A64": {
			"fileRef": "5271DD56-7E47-49CA-8A79-36D9C12313F8",
			"isa": "PBXBuildFile"
		},
		"6853A911-B32B-4345-8560-00EBBCE3642E": {
			"explicitFileType": "sourcecode.c.h",
			"fileEncoding": "4",
			"isa": "PBXFileReference",
			"name": "iOSVersionDetection.h",
			"path": "../../../addons/ofxMidi/libs/pgmidi/iOSVersionDetection.h",
			"sourceTree": "SOURCE_ROOT"
		},
		"68C7088D-6DD4-49DF-B255-F8F4428A4D7E": {
			"explicitFileType": "sourcecode.c.h",
			"fileEncoding": "4",
			"isa": "PBXFileReference",
			"name": "ofxXmlSettings.h",
			"path": "../../../addons/ofxXmlSettings/src/ofxXmlSettings.h",
			"sourceTree": "SOURCE_ROOT"
		},
		"6A6059E1-FE82-4A74-96E4-16D69304D274": {
			"fileRef": "3D3E279A-2717-45D9-B1B7-482169DCC78E",
			"isa": "PBXBuildFile"
		},
		"6B178018-8E80-447E-8EE7-A751F62C4B16": {
			"explicitFileType": "sourcecode.c.h",
			"fileEncoding": "4",
			"isa": "PBXFileReference",
			"name": "tinyxml.h",
			"path": "../../../addons/ofxXmlSettings/libs/tinyxml.h",
			"sourceTree": "SOURCE_ROOT"
		},
		"6DF302B7-D480-4C77-8ABF-7CF1EF6ABCD6": {
			"fileRef": "B693D333-3411-4817-B7AF-7F412F81189E",
			"isa": "PBXBuildFile"
		},
		"71B6B300-483D-47A8-BFAE-B0F7F807A205": {
			"children": [
				"44C3567B-225B-4735-8885-C8306453DAD7",
				"6B178018-8E80-447E-8EE7-A751F62C4B16",
				"CE96F1B2-8741-451D-AE5B-48EBD5C7D651",
				"840D8220-5744-4D27-95A2-A4C7637E34F8"
			],
			"isa": "PBXGroup",
			"name": "libs",
			"path": "../../../addons/ofxXmlSettings/libs",
			"sourceTree": "SOURCE_ROOT"
		},
		"7271B7DC-789F-4D27-AA72-0EEB4E2A15D9": {
			"explicitFileType": "sourcecode.c.h",
			"fileEncoding": "4",
			"isa": "PBXFileReference",
			"name": "fftw3.h",
			"path": "../../../addons/ofxFft/libs/fftw/include/fftw3.h",
			"sourceTree": "SOURCE_ROOT"
		},
		"7494784C-0D37-46F8-B855-E3E6F238CA95": {
			"fileRef": "38B6A745-8D7A-49C1-8D0F-53A446ADC209",
			"isa": "PBXBuildFile"
		},
		"75C8EFDF-2919-4432-B096-199B497C3779": {
			"explicitFileType": "sourcecode.c.h",
			"fileEncoding": "4",
			"isa": "PBXFileReference",
			"name": "MidiManager.h",
			"path": "src/MidiManager.h",
			"sourceTree": "SOURCE_ROOT"
		},
		"79E6FB2F-EEAA-409F-844D-F18E0730783F": {
			"fileRef": "B5C939D1-FDC2-4778-8D23-ED2F7F67F4AB",
			"isa": "PBXBuildFile"
		},
		"7AD56727-4F00-4613-BE58-69C0BCC2479E": {
			"explicitFileType": "sourcecode.c.h",
			"fileEncoding": "4",
			"isa": "PBXFileReference",
			"name": "ofxMidiIn.h",
			"path": "../../../addons/ofxMidi/src/ofxMidiIn.h",
			"sourceTree": "SOURCE_ROOT"
		},
		"7AE0EFB6-55B6-4D61-9CA6-A298E315453D": {
			"explicitFileType": "sourcecode.c.h",
			"fileEncoding": "4",
			"isa": "PBXFileReference",
			"name": "ofxMidiTypes.h",
			"path": "../../../addons/ofxMidi/src/ofxMidiTypes.h",
			"sourceTree": "SOURCE_ROOT"
		},
		"7B5382F6-4BB2-4C2A-A03C-B7425AF08C40": {
			"children": [
				"FF059CC6-B133-4F5E-ACEE-8554B6A67C5C",
				"EE9907BC-BD32-4809-94AA-36FBC1C6C4DF",
				"9E81DEF7-B61F-4617-BDBF-D406ED541060",
				"6457E010-55C6-428C-8829-D9B6CDDFCA34",
				"FBD6F86D-59C0-42C5-940C-6C2CD6FC0F45"
			],
			"isa": "PBXGroup",
			"name": "kiss",
			"path": "../../../addons/ofxFft/libs/kiss",
			"sourceTree": "SOURCE_ROOT"
		},
		"7D2332F7-694E-44E9-95C2-095A854FFA6B": {
			"fileRef": "EE5F4F20-1081-4BE1-8915-A80F87A256E0",
			"isa": "PBXBuildFile"
		},
		"7D965C8D-834A-475B-9C95-0D3C8DBFE10B": {
			"fileRef": "FD19518A-5C14-48D9-9044-9510EFEFFC0A",
			"isa": "PBXBuildFile"
		},
		"7E413A98-09B4-48AE-AE6F-24D2B5CB42B4": {
			"explicitFileType": "sourcecode.cpp.cpp",
			"fileEncoding": "4",
			"isa": "PBXFileReference",
			"name": "V4L2Helper.cpp",
			"path": "src/V4L2Helper.cpp",
			"sourceTree": "SOURCE_ROOT"
		},
		"7F18588F-5910-4654-AD80-AAA0C543C5EA": {
			"explicitFileType": "sourcecode.cpp.cpp",
			"fileEncoding": "4",
			"isa": "PBXFileReference",
			"name": "MeshGenerator.cpp",
			"path": "src/MeshGenerator.cpp",
			"sourceTree": "SOURCE_ROOT"
		},
		"8319EEFE-59C1-436C-82BB-887FFF8A7E3B": {
			"children": [
				"AAF7F0A6-8627-4A38-B344-7E12B681DFA3",
				"EE5F4F20-1081-4BE1-8915-A80F87A256E0",
				"CB83DB76-E16D-40CF-B4D7-13B283077145",
				"5FE6A0AB-A498-4F46-B4B4-775D4CBD1B5C",
				"98497D00-D0E4-4A37-B56F-6DE3E2CE6A60",
				"65CF9642-44CD-462A-920A-1FAECFBBA669",
				"A4CFE906-825A-481F-931C-AAB6B3E0D57F",
				"874C35D3-632A-4AE3-9695-EAECD98AF937",
				"C9C81C3F-1767-4025-BF52-DBFD2662CCAC",
				"235F55C5-BF48-49E0-BEA9-17BB6B4ECAD4"
			],
			"isa": "PBXGroup",
			"name": "ios",
			"path": "../../../addons/ofxMidi/src/ios",
			"sourceTree": "SOURCE_ROOT"
		},
		"840D8220-5744-4D27-95A2-A4C7637E34F8": {
			"explicitFileType": "sourcecode.cpp.cpp",
			"fileEncoding": "4",
			"isa": "PBXFileReference",
			"name": "tinyxmlparser.cpp",
			"path": "../../../addons/ofxXmlSettings/libs/tinyxmlparser.cpp",
			"sourceTree": "SOURCE_ROOT"
		},
		"846A56F4-6B21-433D-889F-8DA31CF74D7A": {
			"children": [
				"26BA2D95-EBEC-4BDD-94C6-0561A1C61920",
				"0AC22F33-8EEC-4183-930A-6789BAD43CAD"
			],
			"isa": "PBXGroup",
			"name": "libs",
			"path": "../../../addons/ofxMidi/libs",
			"sourceTree": "SOURCE_ROOT"
		},
		"86A29C73-A3DC-4948-8C11-2D9D5FD3EB80": {
			"explicitFileType": "sourcecode.c.h",
			"fileEncoding": "4",
			"isa": "PBXFileReference",
			"name": "PGMidi.h",
			"path": "../../../addons/ofxMidi/libs/pgmidi/PGMidi.h",
			"sourceTree": "SOURCE_ROOT"
		},
		"874C35D3-632A-4AE3-9695-EAECD98AF937": {
			"explicitFileType": "sourcecode.cpp.objcpp",
			"fileEncoding": "4",
			"isa": "PBXFileReference",
			"name": "ofxPGMidiOut.mm",
			"path": "../../../addons/ofxMidi/src/ios/ofxPGMidiOut.mm",
			"sourceTree": "SOURCE_ROOT"
		},
		"8755F92E-ACEE-4C1B-9555-99D4B9439474": {
			"children": [
				"7271B7DC-789F-4D27-AA72-0EEB4E2A15D9"
			],
			"isa": "PBXGroup",
			"name": "include",
			"path": "../../../addons/ofxFft/libs/fftw/include",
			"sourceTree": "SOURCE_ROOT"
		},
		"91757568-44A9-4B82-A043-92A40C4BE190": {
			"explicitFileType": "sourcecode.cpp.cpp",
			"fileEncoding": "4",
			"isa": "PBXFileReference",
			"name": "MidiManager.cpp",
			"path": "src/MidiManager.cpp",
			"sourceTree": "SOURCE_ROOT"
		},
		"982A1580-898C-485A-A20A-0B878D8C99FC": {
			"explicitFileType": "sourcecode.cpp.cpp",
			"fileEncoding": "4",
			"isa": "PBXFileReference",
			"name": "ParameterManager.cpp",
			"path": "src/ParameterManager.cpp",
			"sourceTree": "SOURCE_ROOT"
		},
		"98497D00-D0E4-4A37-B56F-6DE3E2CE6A60": {
			"explicitFileType": "sourcecode.c.h",
			"fileEncoding": "4",
			"isa": "PBXFileReference",
			"name": "ofxPGMidiIn.h",
			"path": "../../../addons/ofxMidi/src/ios/ofxPGMidiIn.h",
			"sourceTree": "SOURCE_ROOT"
		},
		"9885A282-076A-4FC2-B7FB-AF6EFB77DAB7": {
			"explicitFileType": "sourcecode.cpp.cpp",
			"fileEncoding": "4",
			"isa": "PBXFileReference",
			"name": "ofxMidiTimecode.cpp",
			"path": "../../../addons/ofxMidi/src/ofxMidiTimecode.cpp",
			"sourceTree": "SOURCE_ROOT"
		},
		"9B4F636D-708B-4A32-A693-32B4CB83825A": {
			"explicitFileType": "sourcecode.c.h",
			"fileEncoding": "4",
			"isa": "PBXFileReference",
			"name": "ofxEasyFft.h",
			"path": "../../../addons/ofxFft/src/ofxEasyFft.h",
			"sourceTree": "SOURCE_ROOT"
		},
		"9E241938-39CF-4CAA-856F-2DC24FDDF98A": {
			"explicitFileType": "sourcecode.cpp.cpp",
			"fileEncoding": "4",
			"isa": "PBXFileReference",
			"name": "ofxRtMidiIn.cpp",
			"path": "../../../addons/ofxMidi/src/desktop/ofxRtMidiIn.cpp",
			"sourceTree": "SOURCE_ROOT"
		},
		"9E2CFCDD-E97E-4074-9D73-0B4548BCDCE8": {
			"explicitFileType": "sourcecode.cpp.cpp",
			"fileEncoding": "4",
			"isa": "PBXFileReference",
			"name": "ofxMidiClock.cpp",
			"path": "../../../addons/ofxMidi/src/ofxMidiClock.cpp",
			"sourceTree": "SOURCE_ROOT"
		},
		"9E81DEF7-B61F-4617-BDBF-D406ED541060": {
			"explicitFileType": "sourcecode.c.h",
			"fileEncoding": "4",
			"isa": "PBXFileReference",
			"name": "kiss_fft.h",
			"path": "../../../addons/ofxFft/libs/kiss/kiss_fft.h",
			"sourceTree": "SOURCE_ROOT"
		},
		"A2930DF1-2C24-4985-BF9F-AF03116C3764": {
			"children": [
				"C91F0FCE-C7A2-4B34-8BEE-DB2812EB3853",
				"68C7088D-6DD4-49DF-B255-F8F4428A4D7E"
			],
			"isa": "PBXGroup",
			"name": "src",
			"path": "../../../addons/ofxXmlSettings/src",
			"sourceTree": "SOURCE_ROOT"
		},
		"A4CFE906-825A-481F-931C-AAB6B3E0D57F": {
			"explicitFileType": "sourcecode.c.h",
			"fileEncoding": "4",
			"isa": "PBXFileReference",
			"name": "ofxPGMidiOut.h",
			"path": "../../../addons/ofxMidi/src/ios/ofxPGMidiOut.h",
			"sourceTree": "SOURCE_ROOT"
		},
		"A643F2A8-FA9F-45EA-940D-323412A1CE8D": {
			"explicitFileType": "sourcecode.c.h",
			"fileEncoding": "4",
			"isa": "PBXFileReference",
			"name": "ParameterManager.h",
			"path": "src/ParameterManager.h",
			"sourceTree": "SOURCE_ROOT"
		},
		"A784B33C-824A-4865-9A98-EDA39795EF7D": {
			"explicitFileType": "sourcecode.cpp.objcpp",
			"fileEncoding": "4",
			"isa": "PBXFileReference",
			"name": "PGMidi.mm",
			"path": "../../../addons/ofxMidi/libs/pgmidi/PGMidi.mm",
			"sourceTree": "SOURCE_ROOT"
		},
		"AAF7F0A6-8627-4A38-B344-7E12B681DFA3": {
			"explicitFileType": "sourcecode.c.h",
			"fileEncoding": "4",
			"isa": "PBXFileReference",
			"name": "ofxPGMidiContext.h",
			"path": "../../../addons/ofxMidi/src/ios/ofxPGMidiContext.h",
			"sourceTree": "SOURCE_ROOT"
		},
		"AE35303F-A25F-4CDF-A4E8-76735CFEEDB0": {
			"fileRef": "840D8220-5744-4D27-95A2-A4C7637E34F8",
			"isa": "PBXBuildFile"
		},
		"B00E72C8-EA89-454A-9F85-0ACA70715871": {
			"explicitFileType": "sourcecode.c.h",
			"fileEncoding": "4",
			"isa": "PBXFileReference",
			"name": "ofxFftw.h",
			"path": "../../../addons/ofxFft/src/ofxFftw.h",
			"sourceTree": "SOURCE_ROOT"
		},
		"B12D9E31-0AEB-454F-ABFB-05A2FECC09BE": {
			"explicitFileType": "sourcecode.c.h",
			"fileEncoding": "4",
			"isa": "PBXFileReference",
			"name": "ofxMidi.h",
			"path": "../../../addons/ofxMidi/src/ofxMidi.h",
			"sourceTree": "SOURCE_ROOT"
		},
		"B26DF437-F3E7-44E4-A644-0987A9ACD144": {
			"fileRef": "235F55C5-BF48-49E0-BEA9-17BB6B4ECAD4",
			"isa": "PBXBuildFile"
		},
		"B347F3EE-1EB5-4C35-A764-37AED369383D": {
			"explicitFileType": "sourcecode.cpp.cpp",
			"fileEncoding": "4",
			"isa": "PBXFileReference",
			"name": "ofxMidiOut.cpp",
			"path": "../../../addons/ofxMidi/src/ofxMidiOut.cpp",
			"sourceTree": "SOURCE_ROOT"
		},
		"B5C939D1-FDC2-4778-8D23-ED2F7F67F4AB": {
			"explicitFileType": "sourcecode.cpp.cpp",
			"fileEncoding": "4",
			"isa": "PBXFileReference",
			"name": "AudioReactivityManager.cpp",
			"path": "src/AudioReactivityManager.cpp",
			"sourceTree": "SOURCE_ROOT"
		},
		"B693D333-3411-4817-B7AF-7F412F81189E": {
			"explicitFileType": "sourcecode.cpp.cpp",
			"fileEncoding": "4",
			"isa": "PBXFileReference",
			"name": "ofxRtMidiOut.cpp",
			"path": "../../../addons/ofxMidi/src/desktop/ofxRtMidiOut.cpp",
			"sourceTree": "SOURCE_ROOT"
		},
		"B7B006B4-577D-4B26-B5BD-888D353F31E1": {
			"fileRef": "9E2CFCDD-E97E-4074-9D73-0B4548BCDCE8",
			"isa": "PBXBuildFile"
		},
		"B7BDCA3F-0B87-41E4-AA66-8854B835A573": {
			"explicitFileType": "sourcecode.cpp.objcpp",
			"fileEncoding": "4",
			"isa": "PBXFileReference",
			"name": "PGMidiAllSources.mm",
			"path": "../../../addons/ofxMidi/libs/pgmidi/PGMidiAllSources.mm",
			"sourceTree": "SOURCE_ROOT"
		},
		"B87CA84C-0E1B-4F3F-A603-04A9BB460FD2": {
			"explicitFileType": "sourcecode.cpp.cpp",
			"fileEncoding": "4",
			"isa": "PBXFileReference",
			"name": "TextureHelper.cpp",
			"path": "src/TextureHelper.cpp",
			"sourceTree": "SOURCE_ROOT"
		},
		"B87DF86D-8500-424E-9BF6-6F15E92D77E4": {
			"children": [
				"438D2686-EEAD-4D0C-9551-E92581A98D40",
				"7B5382F6-4BB2-4C2A-A03C-B7425AF08C40"
			],
			"isa": "PBXGroup",
			"name": "libs",
			"path": "../../../addons/ofxFft/libs",
			"sourceTree": "SOURCE_ROOT"
		},
		"BA55D47D-26F1-469C-9801-DEB9378303E1": {
			"fileRef": "384943BE-4049-4A93-90AA-AA0CF91FACC2",
			"isa": "PBXBuildFile"
		},
		"BB4B014C10F69532006C3DED": {
			"children": [
				"EA86F1B7-3805-499F-8125-30072354314C",
				"DA4C9376-2356-4D90-949E-800A788F282F",
				"F47B94E6-BB4A-4AD0-AA38-2427408436E4"
			],
			"isa": "PBXGroup",
			"name": "addons",
			"path": "../../../addons",
			"sourceTree": "<group>"
		},
		"BFA4C661-F999-4597-BD1C-4F7CF3E97222": {
			"explicitFileType": "sourcecode.c.h",
			"fileEncoding": "4",
			"isa": "PBXFileReference",
			"name": "ofxFftwKiss.h",
			"path": "../../../addons/ofxFft/src/ofxFftwKiss.h",
			"sourceTree": "SOURCE_ROOT"
		},
		"C2446539-C61A-4588-971A-58A12A58E81C": {
			"explicitFileType": "sourcecode.c.h",
			"fileEncoding": "4",
			"isa": "PBXFileReference",
			"name": "ofxFftBasic.h",
			"path": "../../../addons/ofxFft/src/ofxFftBasic.h",
			"sourceTree": "SOURCE_ROOT"
		},
		"C2756F5A-549A-4CBB-8F25-EB1FB00F1B07": {
			"explicitFileType": "sourcecode.c.h",
			"fileEncoding": "4",
			"isa": "PBXFileReference",
			"name": "ofxMidiTimecode.h",
			"path": "../../../addons/ofxMidi/src/ofxMidiTimecode.h",
			"sourceTree": "SOURCE_ROOT"
		},
		"C4A27351-4FE7-4941-931B-FA0321476D5B": {
			"children": [
				"9E241938-39CF-4CAA-856F-2DC24FDDF98A",
				"C8F0EC88-1C2B-4AA7-B8AF-1CEFC7DF94EA",
				"B693D333-3411-4817-B7AF-7F412F81189E",
				"EAFD31B8-19CB-4D5F-8022-1EF15B3AC7DA"
			],
			"isa": "PBXGroup",
			"name": "desktop",
			"path": "../../../addons/ofxMidi/src/desktop",
			"sourceTree": "SOURCE_ROOT"
		},
		"C8F0EC88-1C2B-4AA7-B8AF-1CEFC7DF94EA": {
			"explicitFileType": "sourcecode.c.h",
			"fileEncoding": "4",
			"isa": "PBXFileReference",
			"name": "ofxRtMidiIn.h",
			"path": "../../../addons/ofxMidi/src/desktop/ofxRtMidiIn.h",
			"sourceTree": "SOURCE_ROOT"
		},
		"C91F0FCE-C7A2-4B34-8BEE-DB2812EB3853": {
			"explicitFileType": "sourcecode.cpp.cpp",
			"fileEncoding": "4",
			"isa": "PBXFileReference",
			"name": "ofxXmlSettings.cpp",
			"path": "../../../addons/ofxXmlSettings/src/ofxXmlSettings.cpp",
			"sourceTree": "SOURCE_ROOT"
		},
		"C9C81C3F-1767-4025-BF52-DBFD2662CCAC": {
			"explicitFileType": "sourcecode.c.h",
			"fileEncoding": "4",
			"isa": "PBXFileReference",
			"name": "ofxPGMidiSourceDelegate.h",
			"path": "../../../addons/ofxMidi/src/ios/ofxPGMidiSourceDelegate.h",
			"sourceTree": "SOURCE_ROOT"
		},
		"CB83DB76-E16D-40CF-B4D7-13B283077145": {
			"explicitFileType": "sourcecode.c.h",
			"fileEncoding": "4",
			"isa": "PBXFileReference",
			"name": "ofxPGMidiDelegate.h",
			"path": "../../../addons/ofxMidi/src/ios/ofxPGMidiDelegate.h",
			"sourceTree": "SOURCE_ROOT"
		},
		"CD453C17-1036-4183-9056-26ECD7FEB61E": {
			"children": [
				"C4A27351-4FE7-4941-931B-FA0321476D5B",
				"8319EEFE-59C1-436C-82BB-887FFF8A7E3B",
				"E7F07B8A-30A4-4117-B1C9-29628434381D",
				"D8257DD0-156D-4AAC-AB6F-9CE21983BDD7",
				"3D3E279A-2717-45D9-B1B7-482169DCC78E",
				"B12D9E31-0AEB-454F-ABFB-05A2FECC09BE",
				"9E2CFCDD-E97E-4074-9D73-0B4548BCDCE8",
				"1188A448-F0B6-4054-942E-A57B24D2DE3A",
				"4212E9C7-FF1A-4729-AD0C-7CDED67274D1",
				"FD19518A-5C14-48D9-9044-9510EFEFFC0A",
				"7AD56727-4F00-4613-BE58-69C0BCC2479E",
				"D2FD201D-2753-4519-95A1-0810617402CE",
				"4EA86C23-6EF8-4E59-A8E5-4979DB23BF98",
				"B347F3EE-1EB5-4C35-A764-37AED369383D",
				"F4FCEE44-C41A-4702-B535-8F433F9CC2CC",
				"9885A282-076A-4FC2-B7FB-AF6EFB77DAB7",
				"C2756F5A-549A-4CBB-8F25-EB1FB00F1B07",
				"7AE0EFB6-55B6-4D61-9CA6-A298E315453D"
			],
			"isa": "PBXGroup",
			"name": "src",
			"path": "../../../addons/ofxMidi/src",
			"sourceTree": "SOURCE_ROOT"
		},
		"CE96F1B2-8741-451D-AE5B-48EBD5C7D651": {
			"explicitFileType": "sourcecode.cpp.cpp",
			"fileEncoding": "4",
			"isa": "PBXFileReference",
			"name": "tinyxmlerror.cpp",
			"path": "../../../addons/ofxXmlSettings/libs/tinyxmlerror.cpp",
			"sourceTree": "SOURCE_ROOT"
		},
		"D2494350-CA9C-4885-8BF9-D08C06167726": {
			"fileRef": "CE96F1B2-8741-451D-AE5B-48EBD5C7D651",
			"isa": "PBXBuildFile"
		},
		"D2FD201D-2753-4519-95A1-0810617402CE": {
			"explicitFileType": "sourcecode.cpp.cpp",
			"fileEncoding": "4",
			"isa": "PBXFileReference",
			"name": "ofxMidiMessage.cpp",
			"path": "../../../addons/ofxMidi/src/ofxMidiMessage.cpp",
			"sourceTree": "SOURCE_ROOT"
		},
		"D46A67C3-E94D-440B-968B-6075D3D10199": {
			"explicitFileType": "sourcecode.cpp.cpp",
			"fileEncoding": "4",
			"isa": "PBXFileReference",
			"name": "ofxProcessFFT.cpp",
			"path": "../../../addons/ofxFft/src/ofxProcessFFT.cpp",
			"sourceTree": "SOURCE_ROOT"
		},
		"D8257DD0-156D-4AAC-AB6F-9CE21983BDD7": {
			"explicitFileType": "sourcecode.c.h",
			"fileEncoding": "4",
			"isa": "PBXFileReference",
			"name": "ofxBaseMidi.h",
			"path": "../../../addons/ofxMidi/src/ofxBaseMidi.h",
			"sourceTree": "SOURCE_ROOT"
		},
		"DA4C9376-2356-4D90-949E-800A788F282F": {
			"children": [
				"846A56F4-6B21-433D-889F-8DA31CF74D7A",
				"CD453C17-1036-4183-9056-26ECD7FEB61E"
			],
			"isa": "PBXGroup",
			"name": "ofxMidi",
			"path": "../../../addons/ofxMidi",
			"sourceTree": "SOURCE_ROOT"
		},
		"DD391FDF-0F1B-485F-BBAA-703414A0BEA0": {
			"fileRef": "65E19D6F-3ECE-40F4-AFE9-63BC78791AAA",
			"isa": "PBXBuildFile"
		},
		"E42962A92163ECCD00A6A9E2": {
			"alwaysOutOfDate": "1",
			"buildActionMask": "2147483647",
			"files": [],
			"inputPaths": [],
			"isa": "PBXShellScriptBuildPhase",
			"name": "Run Script — Compile OF",
			"outputPaths": [],
			"runOnlyForDeploymentPostprocessing": "0",
			"shellPath": "/bin/sh",
			"shellScript": "echo \"💾 Compiling Openframeworks\"\nxcodebuild -project \"$OF_PATH/libs/openFrameworksCompiled/project/osx/openFrameworksLib.xcodeproj\" -target openFrameworks -configuration \"${CONFIGURATION}\"  CLANG_CXX_LANGUAGE_STANDARD=$CLANG_CXX_LANGUAGE_STANDARD MACOSX_DEPLOYMENT_TARGET=$MACOSX_DEPLOYMENT_TARGET GCC_PREPROCESSOR_DEFINITIONS=$USER_PREPROCESSOR_DEFINITIONS\n",
			"showEnvVarsInLog": "0"
		},
		"E4A5B60F29BAAAE400C2D356": {
			"buildActionMask": "2147483647",
			"dstPath": "",
			"dstSubfolderSpec": "6",
			"files": [],
			"isa": "PBXCopyFilesBuildPhase",
			"runOnlyForDeploymentPostprocessing": "0"
		},
		"E4B69B4A0A3A1720003C02F2": {
			"children": [
				"191CD6FA2847E21E0085CBB6",
				"E4B6FCAD0C3E899E008CF71C",
				"E4EB6923138AFD0F00A09F29",
				"E4B69E1C0A3A1BDC003C02F2",
				"191EF70929D778A400F35F26",
				"BB4B014C10F69532006C3DED",
				"E4B69B5B0A3A1756003C02F2"
			],
			"isa": "PBXGroup",
			"sourceTree": "<group>"
		},
		"E4B69B4C0A3A1720003C02F2": {
			"attributes": {
				"LastUpgradeCheck": "0600"
			},
			"buildConfigurationList": "E4B69B4D0A3A1720003C02F2",
			"compatibilityVersion": "Xcode 3.2",
			"developmentRegion": "en",
			"hasScannedForEncodings": "0",
			"isa": "PBXProject",
			"knownRegions": [
				"en",
				"Base"
			],
			"mainGroup": "E4B69B4A0A3A1720003C02F2",
			"productRefGroup": "E4B69B4A0A3A1720003C02F2",
			"projectDirPath": "",
			"projectRoot": "",
			"targets": [
				"E4B69B5A0A3A1756003C02F2"
			]
		},
		"E4B69B4D0A3A1720003C02F2": {
			"buildConfigurations": [
				"E4B69B4E0A3A1720003C02F2",
				"E4B69B4F0A3A1720003C02F2"
			],
			"defaultConfigurationIsVisible": "0",
			"defaultConfigurationName": "Release",
			"isa": "XCConfigurationList"
		},
		"E4B69B4E0A3A1720003C02F2": {
			"baseConfigurationReference": "E4EB6923138AFD0F00A09F29",
			"buildSettings": {
				"CODE_SIGN_ENTITLEMENTS": "of.entitlements",
				"COPY_PHASE_STRIP": "NO",
				"ENABLE_TESTABILITY": "YES",
				"GCC_OPTIMIZATION_LEVEL": "0",
				"GCC_WARN_UNUSED_VARIABLE": "NO",
				"HEADER_SEARCH_PATHS": [
					"$(OF_CORE_HEADERS)",
					"src"
				],
				"OTHER_CPLUSPLUSFLAGS": "-D__MACOSX_CORE__"
			},
			"isa": "XCBuildConfiguration",
			"name": "Debug"
		},
		"E4B69B4F0A3A1720003C02F2": {
			"baseConfigurationReference": "E4EB6923138AFD0F00A09F29",
			"buildSettings": {
				"CODE_SIGN_ENTITLEMENTS": "of.entitlements",
				"COPY_PHASE_STRIP": "YES",
				"GCC_OPTIMIZATION_LEVEL": "3",
				"GCC_UNROLL_LOOPS": "YES",
				"HEADER_SEARCH_PATHS": [
					"$(OF_CORE_HEADERS)",
					"src"
				],
				"OTHER_CPLUSPLUSFLAGS": "-D__MACOSX_CORE__"
			},
			"isa": "XCBuildConfiguration",
			"name": "Release"
		},
		"E4B69B580A3A1756003C02F2": {
			"buildActionMask": "2147483647",
			"files": [
				"E4B69E200A3A1BDC003C02F2",
				"E4B69E210A3A1BDC003C02F2",
				"79E6FB2F-EEAA-409F-844D-F18E0730783F",
				"F1F8CEE9-62D6-47CA-B702-D993B0EB7D1F",
				"1D3CAA4B-19EB-4233-83CE-B187E8FFD72E",
				"300791FA-DA70-4595-B1D0-278073CD7126",
				"41EE100A-A0D9-4848-9015-D60EEEF32417",
				"F9511664-0D72-4FE4-98A0-C89D195AAF64",
				"4929EAAB-21BD-4B33-9B83-6A6E5C5F4159",
				"37B39B89-3080-4A8C-9C76-2AD67DFF6160",
				"3DCCD7F1-E662-4D02-97FD-8B51F6DF7573",
				"BA55D47D-26F1-469C-9801-DEB9378303E1",
				"667E3E25-1FCE-422E-9B1C-C74210E58A64",
				"01022DD3-3DCE-4147-8FAB-0219BEEFBC9E",
				"7494784C-0D37-46F8-B855-E3E6F238CA95",
				"27D3C7D4-D487-4F55-AE40-43E9F531D0F0",
				"602F8E94-1C0C-4E8A-ACE0-7DA656A1AD2A",
				"1C5A0DD4-7021-4FA1-A0DD-947A5192B83B",
				"5C768CAB-1DD8-467F-B2AA-FBAC1F7BFC6B",
				"DD391FDF-0F1B-485F-BBAA-703414A0BEA0",
				"1B6B9396-0854-4E09-8A90-67C4070EE692",
				"6DF302B7-D480-4C77-8ABF-7CF1EF6ABCD6",
				"7D2332F7-694E-44E9-95C2-095A854FFA6B",
				"592EA0C6-8183-43C7-8CF0-D1650AF22C26",
				"1A9B689A-3F77-4A70-8BE2-327846FF0992",
				"2A3A4DFA-7183-4C4C-B730-6821257A544D",
				"B26DF437-F3E7-44E4-A644-0987A9ACD144",
				"F0303079-7237-42D4-8623-C664825C50B7",
				"6A6059E1-FE82-4A74-96E4-16D69304D274",
				"B7B006B4-577D-4B26-B5BD-888D353F31E1",
				"7D965C8D-834A-475B-9C95-0D3C8DBFE10B",
				"165D3632-91C4-4980-B555-BA7EDB10E3C8",
				"0C1331B7-A115-4AAB-B4DF-F6D79CE14A2C",
				"326B9FC1-F9FD-4333-83EB-C4154C75EF6E",
				"34D3A56C-AEA1-4017-ACDE-F54E36DA24CF",
				"D2494350-CA9C-4885-8BF9-D08C06167726",
				"AE35303F-A25F-4CDF-A4E8-76735CFEEDB0",
				"38C571FA-A5DF-4E1F-A033-7712CCB6B5DF"
			],
			"isa": "PBXSourcesBuildPhase",
			"runOnlyForDeploymentPostprocessing": "0"
		},
		"E4B69B590A3A1756003C02F2": {
			"buildActionMask": "2147483647",
			"files": [],
			"isa": "PBXFrameworksBuildPhase",
			"runOnlyForDeploymentPostprocessing": "0"
		},
		"E4B69B5A0A3A1756003C02F2": {
			"buildConfigurationList": "E4B69B5F0A3A1757003C02F2",
			"buildPhases": [
				"E42962A92163ECCD00A6A9E2",
				"E4B69B580A3A1756003C02F2",
				"E4B69B590A3A1756003C02F2",
				"E4C2427710CC5ABF004149E2",
				"E4A5B60F29BAAAE400C2D356",
				"19B789C429E5AB4A0082E9B8"
			],
			"buildRules": [],
			"dependencies": [],
			"isa": "PBXNativeTarget",
			"name": "SputnikMeshFFT",
			"productName": "myOFApp",
			"productReference": "E4B69B5B0A3A1756003C02F2",
			"productType": "com.apple.product-type.application"
		},
		"E4B69B5B0A3A1756003C02F2": {
			"explicitFileType": "wrapper.application",
			"includeInIndex": "0",
			"isa": "PBXFileReference",
			"path": "SputnikMeshFFTDebug.app",
			"sourceTree": "BUILT_PRODUCTS_DIR"
		},
		"E4B69B5F0A3A1757003C02F2": {
			"buildConfigurations": [
				"E4B69B600A3A1757003C02F2",
				"E4B69B610A3A1757003C02F2"
			],
			"defaultConfigurationIsVisible": "0",
			"defaultConfigurationName": "Release",
			"isa": "XCConfigurationList"
		},
		"E4B69B600A3A1757003C02F2": {
			"baseConfigurationReference": "E4EB6923138AFD0F00A09F29",
			"buildSettings": {
				"ARCHS": "$(ARCHS_STANDARD)",
				"COPY_PHASE_STRIP": "NO",
				"FRAMEWORK_SEARCH_PATHS": "$(inherited)",
				"GCC_DYNAMIC_NO_PIC": "NO",
				"HEADER_SEARCH_PATHS": [
					"$(OF_CORE_HEADERS)",
					"src",
					"src",
					"../../../addons/ofxMidi/libs",
					"../../../addons/ofxMidi/libs/pgmidi",
					"../../../addons/ofxMidi/libs/rtmidi",
					"../../../addons/ofxMidi/src",
					"../../../addons/ofxMidi/src/desktop",
					"../../../addons/ofxMidi/src/ios",
					"../../../addons/ofxXmlSettings/libs",
					"../../../addons/ofxXmlSettings/src"
				],
				"LIBRARY_SEARCH_PATHS": "$(inherited)",
				"OTHER_CFLAGS": [
					"-std=c++17"
				],
				"OTHER_LDFLAGS": [
					"$(OF_CORE_LIBS)",
					"$(OF_CORE_FRAMEWORKS)",
					"$(LIB_OF_DEBUG)"
				]
			},
			"isa": "XCBuildConfiguration",
			"name": "Debug"
		},
		"E4B69B610A3A1757003C02F2": {
			"baseConfigurationReference": "E4EB6923138AFD0F00A09F29",
			"buildSettings": {
				"ARCHS": "$(ARCHS_STANDARD)",
				"COPY_PHASE_STRIP": "YES",
				"FRAMEWORK_SEARCH_PATHS": "$(inherited)",
				"HEADER_SEARCH_PATHS": [
					"$(OF_CORE_HEADERS)",
					"src",
					"src",
					"../../../addons/ofxMidi/libs",
					"../../../addons/ofxMidi/libs/pgmidi",
					"../../../addons/ofxMidi/libs/rtmidi",
					"../../../addons/ofxMidi/src",
					"../../../addons/ofxMidi/src/desktop",
					"../../../addons/ofxMidi/src/ios",
					"../../../addons/ofxXmlSettings/libs",
					"../../../addons/ofxXmlSettings/src"
				],
				"LIBRARY_SEARCH_PATHS": "$(inherited)",
				"OTHER_CFLAGS": [
					"-std=c++17"
				],
				"OTHER_LDFLAGS": [
					"$(OF_CORE_LIBS)",
					"$(OF_CORE_FRAMEWORKS)",
					"$(LIB_OF)"
				],
				"baseConfigurationReference": "E4EB6923138AFD0F00A09F29"
			},
			"isa": "XCBuildConfiguration",
			"name": "Release"
		},
		"E4B69E1C0A3A1BDC003C02F2": {
			"children": [
				"E4B69E1D0A3A1BDC003C02F2",
				"E4B69E1E0A3A1BDC003C02F2",
				"E4B69E1F0A3A1BDC003C02F2",
				"B5C939D1-FDC2-4778-8D23-ED2F7F67F4AB",
				"3E66A586-DF84-444E-9457-06E94590BC0A",
				"7F18588F-5910-4654-AD80-AAA0C543C5EA",
				"1A186257-7B67-4E4D-8162-A0A10363E9F4",
				"91757568-44A9-4B82-A043-92A40C4BE190",
				"75C8EFDF-2919-4432-B096-199B497C3779",
				"982A1580-898C-485A-A20A-0B878D8C99FC",
				"A643F2A8-FA9F-45EA-940D-323412A1CE8D",
				"0C56EEEE-CB23-4115-BF2F-85EECC9E67A9",
				"E568F8B0-F9E6-4868-9F1B-365F6BFB1A62",
				"B87CA84C-0E1B-4F3F-A603-04A9BB460FD2",
				"3AD0FB1A-C297-423D-9E86-D546AEC8DB57",
				"7E413A98-09B4-48AE-AE6F-24D2B5CB42B4",
				"18F86A98-CB8A-43EE-94B8-13ECD31A9248"
			],
			"isa": "PBXGroup",
			"path": "src",
			"sourceTree": "SOURCE_ROOT"
		},
		"E4B69E1D0A3A1BDC003C02F2": {
			"fileEncoding": "4",
			"isa": "PBXFileReference",
			"lastKnownFileType": "sourcecode.cpp.cpp",
			"name": "main.cpp",
			"path": "src/main.cpp",
			"sourceTree": "SOURCE_ROOT"
		},
		"E4B69E1E0A3A1BDC003C02F2": {
			"explicitFileType": "sourcecode.cpp.cpp",
			"fileEncoding": "4",
			"isa": "PBXFileReference",
			"name": "ofApp.cpp",
			"path": "src/ofApp.cpp",
			"sourceTree": "SOURCE_ROOT"
		},
		"E4B69E1F0A3A1BDC003C02F2": {
			"fileEncoding": "4",
			"isa": "PBXFileReference",
			"lastKnownFileType": "sourcecode.c.h",
			"name": "ofApp.h",
			"path": "src/ofApp.h",
			"sourceTree": "SOURCE_ROOT"
		},
		"E4B69E200A3A1BDC003C02F2": {
			"fileRef": "E4B69E1D0A3A1BDC003C02F2",
			"isa": "PBXBuildFile"
		},
		"E4B69E210A3A1BDC003C02F2": {
			"fileRef": "E4B69E1E0A3A1BDC003C02F2",
			"isa": "PBXBuildFile"
		},
		"E4B6FCAD0C3E899E008CF71C": {
			"fileEncoding": "4",
			"isa": "PBXFileReference",
			"lastKnownFileType": "text.plist.xml",
			"path": "openFrameworks-Info.plist",
			"sourceTree": "<group>"
		},
		"E4C2427710CC5ABF004149E2": {
			"buildActionMask": "2147483647",
			"dstPath": "",
			"dstSubfolderSpec": "10",
			"files": [],
			"isa": "PBXCopyFilesBuildPhase",
			"runOnlyForDeploymentPostprocessing": "0"
		},
		"E4EB6923138AFD0F00A09F29": {
			"fileEncoding": "4",
			"isa": "PBXFileReference",
			"lastKnownFileType": "text.xcconfig",
			"path": "Project.xcconfig",
			"sourceTree": "<group>"
		},
		"E568F8B0-F9E6-4868-9F1B-365F6BFB1A62": {
			"explicitFileType": "sourcecode.c.h",
			"fileEncoding": "4",
			"isa": "PBXFileReference",
			"name": "ShaderLoader.h",
			"path": "src/ShaderLoader.h",
			"sourceTree": "SOURCE_ROOT"
		},
		"E7F07B8A-30A4-4117-B1C9-29628434381D": {
			"explicitFileType": "sourcecode.cpp.cpp",
			"fileEncoding": "4",
			"isa": "PBXFileReference",
			"name": "ofxBaseMidi.cpp",
			"path": "../../../addons/ofxMidi/src/ofxBaseMidi.cpp",
			"sourceTree": "SOURCE_ROOT"
		},
		"EA86F1B7-3805-499F-8125-30072354314C": {
			"children": [
				"B87DF86D-8500-424E-9BF6-6F15E92D77E4",
				"628518FF-AB66-4DAB-A1B5-F3D6D8CBC27E"
			],
			"isa": "PBXGroup",
			"name": "ofxFft",
			"path": "../../../addons/ofxFft",
			"sourceTree": "SOURCE_ROOT"
		},
		"EAFD31B8-19CB-4D5F-8022-1EF15B3AC7DA": {
			"explicitFileType": "sourcecode.c.h",
			"fileEncoding": "4",
			"isa": "PBXFileReference",
			"name": "ofxRtMidiOut.h",
			"path": "../../../addons/ofxMidi/src/desktop/ofxRtMidiOut.h",
			"sourceTree": "SOURCE_ROOT"
		},
		"EE5F4F20-1081-4BE1-8915-A80F87A256E0": {
			"explicitFileType": "sourcecode.cpp.objcpp",
			"fileEncoding": "4",
			"isa": "PBXFileReference",
			"name": "ofxPGMidiContext.mm",
			"path": "../../../addons/ofxMidi/src/ios/ofxPGMidiContext.mm",
			"sourceTree": "SOURCE_ROOT"
		},
		"EE9907BC-BD32-4809-94AA-36FBC1C6C4DF": {
			"explicitFileType": "sourcecode.c.c",
			"fileEncoding": "4",
			"isa": "PBXFileReference",
			"name": "kiss_fft.c",
			"path": "../../../addons/ofxFft/libs/kiss/kiss_fft.c",
			"sourceTree": "SOURCE_ROOT"
		},
		"F0303079-7237-42D4-8623-C664825C50B7": {
			"fileRef": "E7F07B8A-30A4-4117-B1C9-29628434381D",
			"isa": "PBXBuildFile"
		},
		"F1F8CEE9-62D6-47CA-B702-D993B0EB7D1F": {
			"fileRef": "7F18588F-5910-4654-AD80-AAA0C543C5EA",
			"isa": "PBXBuildFile"
		},
		"F47B94E6-BB4A-4AD0-AA38-2427408436E4": {
			"children": [
				"71B6B300-483D-47A8-BFAE-B0F7F807A205",
				"A2930DF1-2C24-4985-BF9F-AF03116C3764"
			],
			"isa": "PBXGroup",
			"name": "ofxXmlSettings",
			"path": "../../../addons/ofxXmlSettings",
			"sourceTree": "SOURCE_ROOT"
		},
		"F4FCEE44-C41A-4702-B535-8F433F9CC2CC": {
			"explicitFileType": "sourcecode.c.h",
			"fileEncoding": "4",
			"isa": "PBXFileReference",
			"name": "ofxMidiOut.h",
			"path": "../../../addons/ofxMidi/src/ofxMidiOut.h",
			"sourceTree": "SOURCE_ROOT"
		},
		"F9511664-0D72-4FE4-98A0-C89D195AAF64": {
			"fileRef": "B87CA84C-0E1B-4F3F-A603-04A9BB460FD2",
			"isa": "PBXBuildFile"
		},
		"FA7C74F1-800B-48DD-AAFF-B2296CA26B94": {
			"explicitFileType": "sourcecode.c.h",
			"fileEncoding": "4",
			"isa": "PBXFileReference",
			"name": "PGMidiFind.h",
			"path": "../../../addons/ofxMidi/libs/pgmidi/PGMidiFind.h",
			"sourceTree": "SOURCE_ROOT"
		},
		"FBD6F86D-59C0-42C5-940C-6C2CD6FC0F45": {
			"explicitFileType": "sourcecode.c.h",
			"fileEncoding": "4",
			"isa": "PBXFileReference",
			"name": "kiss_fftr.h",
			"path": "../../../addons/ofxFft/libs/kiss/kiss_fftr.h",
			"sourceTree": "SOURCE_ROOT"
		},
		"FD19518A-5C14-48D9-9044-9510EFEFFC0A": {
			"explicitFileType": "sourcecode.cpp.cpp",
			"fileEncoding": "4",
			"isa": "PBXFileReference",
			"name": "ofxMidiIn.cpp",
			"path": "../../../addons/ofxMidi/src/ofxMidiIn.cpp",
			"sourceTree": "SOURCE_ROOT"
		},
		"FF059CC6-B133-4F5E-ACEE-8554B6A67C5C": {
			"explicitFileType": "sourcecode.c.h",
			"fileEncoding": "4",
			"isa": "PBXFileReference",
			"name": "_kiss_fft_guts.h",
			"path": "../../../addons/ofxFft/libs/kiss/_kiss_fft_guts.h",
			"sourceTree": "SOURCE_ROOT"
		}
	},
	"openFrameworksProjectGeneratorVersion": "21",
	"rootObject": "E4B69B4C0A3A1720003C02F2"
}